{
  "name": "8-13-19",
  "version": "1.0.0",
  "lockfileVersion": 1,
  "requires": true,
  "dependencies": {
    "karma-ie-launcher": {
      "version": "1.0.0",
      "resolved": "https://registry.npmjs.org/karma-ie-launcher/-/karma-ie-launcher-1.0.0.tgz",
      "integrity": "sha1-SXmGhCxJAZA0bNifVJTKmDDG1Zw=",
      "dev": true,
      "requires": {
        "lodash": "^4.6.1"
      }
    },
    "lodash": {
      "version": "4.17.15",
      "resolved": "https://registry.npmjs.org/lodash/-/lodash-4.17.15.tgz",
      "integrity": "sha512-8xOcRHvCjnocdS5cpwXQXVzmmh5e5+saE2QGoeQmbKmRS6J3VQppPOIt0MnmE+4xlZoumy0GPG0D0MVIQbNA1A==",
      "dev": true
    }
  }
}
